<?xml version="1.0" encoding="utf-8"?>
<Project ToolsVersion="4.0" xmlns="http://schemas.microsoft.com/developer/msbuild/2003">
  <ItemGroup>
    <Filter Include="Source Files">
      <UniqueIdentifier>{4FC737F1-C7A5-4376-A066-2A32D752A2FF}</UniqueIdentifier>
      <Extensions>cpp;c;cc;cxx;def;odl;idl;hpj;bat;asm;asmx</Extensions>
    </Filter>
    <Filter Include="Header Files">
      <UniqueIdentifier>{93995380-89BD-4b04-88EB-625FBE52EBFB}</UniqueIdentifier>
      <Extensions>h;hh;hpp;hxx;hm;inl;inc;xsd</Extensions>
    </Filter>
    <Filter Include="Resource Files">
      <UniqueIdentifier>{67DA6AB6-F800-4c08-8B7A-83BB121AAD01}</UniqueIdentifier>
      <Extensions>rc;ico;cur;bmp;dlg;rc2;rct;bin;rgs;gif;jpg;jpeg;jpe;resx;tiff;tif;png;wav;mfcribbon-ms</Extensions>
    </Filter>
    <Filter Include="OpenGL">
      <UniqueIdentifier>{b62be9f7-a027-4e7f-9d9d-fd6220cc6f56}</UniqueIdentifier>
    </Filter>
    <Filter Include="OpenGL\Programs">
      <UniqueIdentifier>{397ec862-934b-4878-87d8-52c941b198d9}</UniqueIdentifier>
    </Filter>
    <Filter Include="OpenGL\Buffers">
      <UniqueIdentifier>{577e6b89-3350-49dc-82c6-75a98bffa06e}</UniqueIdentifier>
    </Filter>
    <Filter Include="Shapes">
      <UniqueIdentifier>{33b82209-858e-42c1-ae08-94a3656cde60}</UniqueIdentifier>
    </Filter>
    <Filter Include="Containers">
      <UniqueIdentifier>{a8badde1-1373-4d79-8c68-96d4158845f2}</UniqueIdentifier>
    </Filter>
    <Filter Include="Constants">
      <UniqueIdentifier>{a603b62e-9204-4acf-95b1-0c29d9f6ead3}</UniqueIdentifier>
    </Filter>
    <Filter Include="Cameras">
      <UniqueIdentifier>{a877f1a8-7f8a-4d8c-bb4d-5cf55351a2ee}</UniqueIdentifier>
    </Filter>
    <Filter Include="Text Files">
      <UniqueIdentifier>{68e5d287-241d-4f41-b747-1de9a8cdad37}</UniqueIdentifier>
    </Filter>
    <Filter Include="Text Files\Texture texts">
      <UniqueIdentifier>{f6a17d58-f81d-471f-a696-5e1764da73f2}</UniqueIdentifier>
    </Filter>
    <Filter Include="DwarfFortress">
      <UniqueIdentifier>{f8f7d195-59d7-4df9-90d0-6cb8bc16783b}</UniqueIdentifier>
    </Filter>
    <Filter Include="Shaders">
      <UniqueIdentifier>{e13cd0d0-2e3f-4155-bb8e-133e13a676e2}</UniqueIdentifier>
    </Filter>
    <Filter Include="Lua">
      <UniqueIdentifier>{1397b0f2-b185-41f0-9d2d-d651f3c4748d}</UniqueIdentifier>
    </Filter>
  </ItemGroup>
  <ItemGroup>
    <ClCompile Include="Opal Prospect.cpp">
      <Filter>Source Files</Filter>
    </ClCompile>
    <ClCompile Include="OpenGL\DrawEngine.cpp">
      <Filter>Source Files</Filter>
    </ClCompile>
    <ClCompile Include="OpenGL\Texture.cpp">
      <Filter>Source Files</Filter>
    </ClCompile>
    <ClCompile Include="OpenGL\TextureAtlas.cpp">
      <Filter>Source Files</Filter>
    </ClCompile>
    <ClCompile Include="OpenGL\TextureAtlasController.cpp">
      <Filter>Source Files</Filter>
    </ClCompile>
    <ClCompile Include="OpenGL\Programs\FragmentShader.cpp">
      <Filter>Source Files</Filter>
    </ClCompile>
    <ClCompile Include="OpenGL\Programs\GeometryShader.cpp">
      <Filter>Source Files</Filter>
    </ClCompile>
    <ClCompile Include="OpenGL\Programs\Program.cpp">
      <Filter>Source Files</Filter>
    </ClCompile>
    <ClCompile Include="OpenGL\Programs\Shader.cpp">
      <Filter>Source Files</Filter>
    </ClCompile>
    <ClCompile Include="OpenGL\Programs\VertexFragmentProgram.cpp">
      <Filter>Source Files</Filter>
    </ClCompile>
    <ClCompile Include="OpenGL\Programs\VertexShader.cpp">
      <Filter>Source Files</Filter>
    </ClCompile>
    <ClCompile Include="OpenGL\Buffers\FloatVBO.cpp">
      <Filter>Source Files</Filter>
    </ClCompile>
    <ClCompile Include="OpenGL\Buffers\IntVBO.cpp">
      <Filter>Source Files</Filter>
    </ClCompile>
    <ClCompile Include="OpenGL\Buffers\VAO.cpp">
      <Filter>Source Files</Filter>
    </ClCompile>
    <ClCompile Include="OpenGL\Buffers\VBO.cpp">
      <Filter>Source Files</Filter>
    </ClCompile>
    <ClCompile Include="OpenGL\Buffers\VertexColorIndexVAO.cpp">
      <Filter>Source Files</Filter>
    </ClCompile>
    <ClCompile Include="OpenGL\Buffers\VertexUVIndexVAO.cpp">
      <Filter>Source Files</Filter>
    </ClCompile>
    <ClCompile Include="Cameras\Camera.cpp">
      <Filter>Source Files</Filter>
    </ClCompile>
    <ClCompile Include="Cameras\FlightCamera.cpp">
      <Filter>Source Files</Filter>
    </ClCompile>
    <ClCompile Include="Shapes\Box.cpp">
      <Filter>Source Files</Filter>
    </ClCompile>
    <ClCompile Include="Shapes\CenterBox.cpp">
      <Filter>Source Files</Filter>
    </ClCompile>
    <ClCompile Include="Shapes\CenterRectangle.cpp">
      <Filter>Source Files</Filter>
    </ClCompile>
    <ClCompile Include="Shapes\Color.cpp">
      <Filter>Source Files</Filter>
    </ClCompile>
    <ClCompile Include="Shapes\ColorRectangle.cpp">
      <Filter>Source Files</Filter>
    </ClCompile>
    <ClCompile Include="Shapes\Grid2D.cpp">
      <Filter>Source Files</Filter>
    </ClCompile>
    <ClCompile Include="Shapes\Grid3D.cpp">
      <Filter>Source Files</Filter>
    </ClCompile>
    <ClCompile Include="Shapes\Point2D.cpp">
      <Filter>Source Files</Filter>
    </ClCompile>
    <ClCompile Include="Shapes\Point3D.cpp">
      <Filter>Source Files</Filter>
    </ClCompile>
    <ClCompile Include="Shapes\Rectangle.cpp">
      <Filter>Source Files</Filter>
    </ClCompile>
    <ClCompile Include="Shapes\TextureBox.cpp">
      <Filter>Source Files</Filter>
    </ClCompile>
    <ClCompile Include="Shapes\VertexBox.cpp">
      <Filter>Source Files</Filter>
    </ClCompile>
    <ClCompile Include="Shapes\VertexRectangle.cpp">
      <Filter>Source Files</Filter>
    </ClCompile>
    <ClCompile Include="Shapes\Point3DInt.cpp">
      <Filter>Source Files</Filter>
    </ClCompile>
    <ClCompile Include="Shapes\Triangle3D.cpp">
      <Filter>Source Files</Filter>
    </ClCompile>
    <ClCompile Include="Shapes\VertexFace.cpp">
      <Filter>Source Files</Filter>
    </ClCompile>
    <ClCompile Include="Shapes\NormalFace.cpp">
      <Filter>Source Files</Filter>
    </ClCompile>
    <ClCompile Include="Shapes\TextureFace.cpp">
      <Filter>Source Files</Filter>
    </ClCompile>
    <ClCompile Include="Shapes\NormalBox.cpp">
      <Filter>Source Files</Filter>
    </ClCompile>
    <ClCompile Include="Shapes\NormalTriangle.cpp">
      <Filter>Source Files</Filter>
    </ClCompile>
    <ClCompile Include="Shapes\TextureTriangle.cpp">
      <Filter>Source Files</Filter>
    </ClCompile>
    <ClCompile Include="Shapes\VertexTriangle.cpp">
      <Filter>Source Files</Filter>
    </ClCompile>
    <ClCompile Include="Shapes\ShapeToModel.cpp">
      <Filter>Source Files</Filter>
    </ClCompile>
    <ClCompile Include="MainLoop.cpp">
      <Filter>Source Files</Filter>
    </ClCompile>
    <ClCompile Include="Shapes\ModelIndex.cpp">
      <Filter>Source Files</Filter>
    </ClCompile>
    <ClCompile Include="Shapes\Model.cpp">
      <Filter>Source Files</Filter>
    </ClCompile>
    <ClCompile Include="Shapes\Point1D.cpp">
      <Filter>Source Files</Filter>
    </ClCompile>
    <ClCompile Include="Shapes\Point4D.cpp">
      <Filter>Source Files</Filter>
    </ClCompile>
    <ClCompile Include="OpenGL\OGLHelpers.cpp">
      <Filter>Source Files</Filter>
    </ClCompile>
    <ClCompile Include="OpenGL\Buffers\VertexUVNormalIndexVAO3D.cpp">
      <Filter>Source Files</Filter>
    </ClCompile>
    <ClCompile Include="OpenGL\ModelController.cpp">
      <Filter>Source Files</Filter>
    </ClCompile>
    <ClCompile Include="OpenGL\ArrayTextureController.cpp">
      <Filter>Source Files</Filter>
    </ClCompile>
    <ClCompile Include="OpenGL\BufferController.cpp">
      <Filter>Source Files</Filter>
    </ClCompile>
    <ClCompile Include="Shapes\RightRectanglePyramidNormal.cpp">
      <Filter>Source Files</Filter>
    </ClCompile>
    <ClCompile Include="Shapes\RightRectanglePyramidTexture.cpp">
      <Filter>Source Files</Filter>
    </ClCompile>
    <ClCompile Include="Shapes\RightRectanglePyramidVertex.cpp">
      <Filter>Source Files</Filter>
    </ClCompile>
    <ClCompile Include="Shapes\RightRectanglePyramid.cpp">
      <Filter>Source Files</Filter>
    </ClCompile>
    <ClCompile Include="Shapes\Grid3DYOffset.cpp">
      <Filter>Source Files</Filter>
    </ClCompile>
    <ClCompile Include="OpenGL\Buffers\InterleavedVAO3D.cpp">
      <Filter>Source Files</Filter>
    </ClCompile>
    <ClCompile Include="OpenGL\Buffers\InterleavedVBO3D.cpp">
      <Filter>Source Files</Filter>
    </ClCompile>
    <ClCompile Include="OpenGL\InterleavedBufferController.cpp">
      <Filter>Source Files</Filter>
    </ClCompile>
    <ClCompile Include="OpenGL\Image.cpp">
      <Filter>Source Files</Filter>
    </ClCompile>
    <ClCompile Include="FilePath.cpp">
      <Filter>Source Files</Filter>
    </ClCompile>
    <ClCompile Include="OpenGL\ArrayTextureAtlas.cpp">
      <Filter>Source Files</Filter>
    </ClCompile>
    <ClCompile Include="OpenGL\ArrayTexture.cpp">
      <Filter>Source Files</Filter>
    </ClCompile>
    <ClCompile Include="OpenGL\ArrayTextureAtlasController.cpp">
      <Filter>Source Files</Filter>
    </ClCompile>
    <ClCompile Include="DwarfFortress\NaturalTile.cpp">
      <Filter>Source Files</Filter>
    </ClCompile>
    <ClCompile Include="DwarfFortress\natural_tiles.cpp">
      <Filter>Source Files</Filter>
    </ClCompile>
    <ClCompile Include="DwarfFortress\NaturalTerrain.cpp">
      <Filter>Source Files</Filter>
    </ClCompile>
    <ClCompile Include="DwarfFortress\tile_types.cpp">
      <Filter>Source Files</Filter>
    </ClCompile>
    <ClCompile Include="DwarfFortress\NaturalTerrainModelBuilder.cpp">
      <Filter>Source Files</Filter>
    </ClCompile>
    <ClCompile Include="Shapes\Point3DUInt.cpp">
      <Filter>Source Files</Filter>
    </ClCompile>
    <ClCompile Include="BasicLog.cpp">
      <Filter>Source Files</Filter>
    </ClCompile>
    <ClCompile Include="DwarfFortress\NaturalTerrainFileLoader.cpp">
      <Filter>Source Files</Filter>
    </ClCompile>
  </ItemGroup>
  <ItemGroup>
    <ClInclude Include="OpenGL\DrawEngine.hpp">
      <Filter>OpenGL</Filter>
    </ClInclude>
    <ClInclude Include="OpenGL\DrawEngineStructs.hpp">
      <Filter>OpenGL</Filter>
    </ClInclude>
    <ClInclude Include="OpenGL\Texture.hpp">
      <Filter>OpenGL</Filter>
    </ClInclude>
    <ClInclude Include="OpenGL\TextureAtlas.hpp">
      <Filter>OpenGL</Filter>
    </ClInclude>
    <ClInclude Include="OpenGL\TextureAtlasController.hpp">
      <Filter>OpenGL</Filter>
    </ClInclude>
    <ClInclude Include="OpenGL\Programs\FragmentShader.hpp">
      <Filter>OpenGL\Programs</Filter>
    </ClInclude>
    <ClInclude Include="OpenGL\Programs\GeometryShader.hpp">
      <Filter>OpenGL\Programs</Filter>
    </ClInclude>
    <ClInclude Include="OpenGL\Programs\Program.hpp">
      <Filter>OpenGL\Programs</Filter>
    </ClInclude>
    <ClInclude Include="OpenGL\Programs\Shader.hpp">
      <Filter>OpenGL\Programs</Filter>
    </ClInclude>
    <ClInclude Include="OpenGL\Programs\VertexFragmentProgram.hpp">
      <Filter>OpenGL\Programs</Filter>
    </ClInclude>
    <ClInclude Include="OpenGL\Programs\VertexShader.hpp">
      <Filter>OpenGL\Programs</Filter>
    </ClInclude>
    <ClInclude Include="OpenGL\Buffers\FloatVBO.hpp">
      <Filter>OpenGL\Buffers</Filter>
    </ClInclude>
    <ClInclude Include="OpenGL\Buffers\IntVBO.hpp">
      <Filter>OpenGL\Buffers</Filter>
    </ClInclude>
    <ClInclude Include="OpenGL\Buffers\VAO.hpp">
      <Filter>OpenGL\Buffers</Filter>
    </ClInclude>
    <ClInclude Include="OpenGL\Buffers\VBO.hpp">
      <Filter>OpenGL\Buffers</Filter>
    </ClInclude>
    <ClInclude Include="OpenGL\Buffers\VertexColorIndexVAO.hpp">
      <Filter>OpenGL\Buffers</Filter>
    </ClInclude>
    <ClInclude Include="OpenGL\Buffers\VertexUVIndexVAO.hpp">
      <Filter>OpenGL\Buffers</Filter>
    </ClInclude>
    <ClInclude Include="Shapes\Box.hpp">
      <Filter>Shapes</Filter>
    </ClInclude>
    <ClInclude Include="Shapes\CenterBox.hpp">
      <Filter>Shapes</Filter>
    </ClInclude>
    <ClInclude Include="Shapes\CenterRectangle.hpp">
      <Filter>Shapes</Filter>
    </ClInclude>
    <ClInclude Include="Shapes\Color.hpp">
      <Filter>Shapes</Filter>
    </ClInclude>
    <ClInclude Include="Shapes\ColorRectangle.hpp">
      <Filter>Shapes</Filter>
    </ClInclude>
    <ClInclude Include="Shapes\Grid2D.hpp">
      <Filter>Shapes</Filter>
    </ClInclude>
    <ClInclude Include="Shapes\Grid3D.hpp">
      <Filter>Shapes</Filter>
    </ClInclude>
    <ClInclude Include="Shapes\Point2D.hpp">
      <Filter>Shapes</Filter>
    </ClInclude>
    <ClInclude Include="Shapes\Point3D.hpp">
      <Filter>Shapes</Filter>
    </ClInclude>
    <ClInclude Include="Shapes\Rectangle.hpp">
      <Filter>Shapes</Filter>
    </ClInclude>
    <ClInclude Include="Shapes\TextureBox.hpp">
      <Filter>Shapes</Filter>
    </ClInclude>
    <ClInclude Include="Shapes\VertexBox.hpp">
      <Filter>Shapes</Filter>
    </ClInclude>
    <ClInclude Include="Shapes\VertexRectangle.hpp">
      <Filter>Shapes</Filter>
    </ClInclude>
    <ClInclude Include="Cameras\FlightCamera.hpp">
      <Filter>Cameras</Filter>
    </ClInclude>
    <ClInclude Include="Cameras\Camera.hpp">
      <Filter>Cameras</Filter>
    </ClInclude>
    <ClInclude Include="Constants\axis.hpp">
      <Filter>Constants</Filter>
    </ClInclude>
    <ClInclude Include="Containers\ObjectPool.hpp">
      <Filter>Containers</Filter>
    </ClInclude>
    <ClInclude Include="Containers\SortedObjectPool.hpp">
      <Filter>Containers</Filter>
    </ClInclude>
    <ClInclude Include="Shapes\Point3DInt.hpp">
      <Filter>Shapes</Filter>
    </ClInclude>
    <ClInclude Include="Shapes\Triangle3D.hpp">
      <Filter>Shapes</Filter>
    </ClInclude>
    <ClInclude Include="Shapes\VertexFace.hpp">
      <Filter>Shapes</Filter>
    </ClInclude>
    <ClInclude Include="Shapes\NormalFace.hpp">
      <Filter>Shapes</Filter>
    </ClInclude>
    <ClInclude Include="Shapes\TextureFace.hpp">
      <Filter>Shapes</Filter>
    </ClInclude>
    <ClInclude Include="Shapes\NormalBox.hpp">
      <Filter>Shapes</Filter>
    </ClInclude>
    <ClInclude Include="Shapes\NormalTriangle.hpp">
      <Filter>Shapes</Filter>
    </ClInclude>
    <ClInclude Include="Shapes\TextureTriangle.hpp">
      <Filter>Shapes</Filter>
    </ClInclude>
    <ClInclude Include="Shapes\VertexTriangle.hpp">
      <Filter>Shapes</Filter>
    </ClInclude>
    <ClInclude Include="Shapes\ShapeToModel.hpp">
      <Filter>Shapes</Filter>
    </ClInclude>
    <ClInclude Include="MainLoop.hpp">
      <Filter>Header Files</Filter>
    </ClInclude>
    <ClInclude Include="Shapes\ModelIndex.hpp">
      <Filter>Shapes</Filter>
    </ClInclude>
    <ClInclude Include="Shapes\Model.hpp">
      <Filter>Shapes</Filter>
    </ClInclude>
    <ClInclude Include="Shapes\Point1D.hpp">
      <Filter>Shapes</Filter>
    </ClInclude>
    <ClInclude Include="Shapes\Point4D.hpp">
      <Filter>Shapes</Filter>
    </ClInclude>
    <ClInclude Include="OpenGL\OGLHelpers.hpp">
      <Filter>OpenGL</Filter>
    </ClInclude>
    <ClInclude Include="OpenGL\Buffers\VertexUVNormalIndexVAO3D.hpp">
      <Filter>OpenGL\Buffers</Filter>
    </ClInclude>
    <ClInclude Include="OpenGL\ModelController.hpp">
      <Filter>OpenGL</Filter>
    </ClInclude>
    <ClInclude Include="OpenGL\BufferController.hpp">
      <Filter>OpenGL</Filter>
    </ClInclude>
    <ClInclude Include="OpenGL\ArrayTextureController.hpp">
      <Filter>OpenGL</Filter>
    </ClInclude>
    <ClInclude Include="Shapes\RightRectanglePyramidNormal.hpp">
      <Filter>Shapes</Filter>
    </ClInclude>
    <ClInclude Include="Shapes\RightRectanglePyramidTexture.hpp">
      <Filter>Shapes</Filter>
    </ClInclude>
    <ClInclude Include="Shapes\RightRectanglePyramidVertex.hpp">
      <Filter>Shapes</Filter>
    </ClInclude>
    <ClInclude Include="Shapes\RightRectanglePyramid.hpp">
      <Filter>Shapes</Filter>
    </ClInclude>
    <ClInclude Include="Shapes\Grid3DYOffset.hpp">
      <Filter>Shapes</Filter>
    </ClInclude>
    <ClInclude Include="OpenGL\Buffers\InterleavedVAO3D.hpp">
      <Filter>OpenGL\Buffers</Filter>
    </ClInclude>
    <ClInclude Include="OpenGL\Buffers\InterleavedVBO3D.hpp">
      <Filter>OpenGL\Buffers</Filter>
    </ClInclude>
    <ClInclude Include="OpenGL\InterleavedBufferController.hpp">
      <Filter>OpenGL</Filter>
    </ClInclude>
    <ClInclude Include="DwarfFortress\tile_types.hpp">
      <Filter>DwarfFortress</Filter>
    </ClInclude>
    <ClInclude Include="OpenGL\Image.hpp">
      <Filter>OpenGL</Filter>
    </ClInclude>
    <ClInclude Include="FilePath.hpp">
      <Filter>Header Files</Filter>
    </ClInclude>
    <ClInclude Include="OpenGL\ArrayTextureAtlas.hpp">
      <Filter>OpenGL</Filter>
    </ClInclude>
    <ClInclude Include="OpenGL\ArrayTexture.hpp">
      <Filter>OpenGL</Filter>
    </ClInclude>
    <ClInclude Include="OpenGL\ArrayTextureAtlasController.hpp">
      <Filter>OpenGL</Filter>
    </ClInclude>
    <ClInclude Include="DwarfFortress\natural_tiles.hpp">
      <Filter>DwarfFortress</Filter>
    </ClInclude>
    <ClInclude Include="DwarfFortress\NaturalTile.hpp">
      <Filter>DwarfFortress</Filter>
    </ClInclude>
    <ClInclude Include="DwarfFortress\NaturalTerrain.hpp">
      <Filter>DwarfFortress</Filter>
    </ClInclude>
    <ClInclude Include="DwarfFortress\df_constants.hpp">
      <Filter>DwarfFortress</Filter>
    </ClInclude>
    <ClInclude Include="DwarfFortress\NaturalTerrainModelBuilder.hpp">
      <Filter>DwarfFortress</Filter>
    </ClInclude>
    <ClInclude Include="Shapes\Point3DUInt.hpp">
      <Filter>Shapes</Filter>
    </ClInclude>
    <ClInclude Include="BasicLog.hpp">
      <Filter>Header Files</Filter>
    </ClInclude>
    <ClInclude Include="DwarfFortress\NaturalTerrainFileLoader.hpp">
      <Filter>Header Files</Filter>
    </ClInclude>
  </ItemGroup>
  <ItemGroup>
    <Text Include="..\build.md">
      <Filter>Text Files</Filter>
    </Text>
    <Text Include="..\code format.md">
      <Filter>Text Files</Filter>
    </Text>
    <Text Include="..\design.md">
      <Filter>Text Files</Filter>
    </Text>
    <Text Include="..\run.md">
      <Filter>Text Files</Filter>
    </Text>
    <Text Include="Textures\dev stuff\gems.txt">
      <Filter>Text Files\Texture texts</Filter>
    </Text>
    <Text Include="Textures\dev stuff\liquids.txt">
      <Filter>Text Files\Texture texts</Filter>
    </Text>
    <Text Include="Textures\dev stuff\ores.txt">
      <Filter>Text Files\Texture texts</Filter>
    </Text>
    <Text Include="Textures\dev stuff\soils.txt">
      <Filter>Text Files\Texture texts</Filter>
    </Text>
    <Text Include="Textures\dev stuff\stones.txt">
      <Filter>Text Files\Texture texts</Filter>
    </Text>
  </ItemGroup>
  <ItemGroup>
    <None Include="..\README.md">
      <Filter>Text Files</Filter>
    </None>
    <None Include="..\milestones.md">
      <Filter>Text Files</Filter>
    </None>
    <None Include="2dcolorbasic.frag">
      <Filter>Shaders</Filter>
    </None>
    <None Include="2dcolorbasic.vert">
      <Filter>Shaders</Filter>
    </None>
    <None Include="arrayTexture.frag">
      <Filter>Shaders</Filter>
    </None>
    <None Include="arrayTexture.vert">
      <Filter>Shaders</Filter>
    </None>
    <None Include="arrayTextureBasicLight.frag">
      <Filter>Shaders</Filter>
    </None>
    <None Include="arrayTextureBasicLight.vert">
      <Filter>Shaders</Filter>
    </None>
    <None Include="Texture2D.frag">
      <Filter>Shaders</Filter>
    </None>
    <None Include="Texture2D.vert">
      <Filter>Shaders</Filter>
    </None>
    <None Include="..\controls.md">
      <Filter>Text Files</Filter>
    </None>
    <None Include="..\optimizations.md">
      <Filter>Text Files</Filter>
    </None>
    <None Include="lua\opal.lua">
      <Filter>Lua</Filter>
    </None>
  </ItemGroup>
</Project>